
Microsoft Visual Studio Solution File, Format Version 12.00
# Visual Studio Version 17
VisualStudioVersion = 17.7.34221.43
MinimumVisualStudioVersion = 10.0.40219.1
Project("{9A19103F-16F7-4668-BE54-9A1E7A4F7556}") = "AzureBlobNotif", "AzureBlobNotif.csproj", "{8411E90B-CFE2-4FF3-A09D-D71BF031207B}"
EndProject
Project("{FAE04EC0-301F-11D3-BF4B-00C04F79EFBC}") = "FunctionApp.Tests", "..\FunctionApp.Tests\FunctionApp.Tests.csproj", "{AF03EB80-3BC0-4CA2-988F-3E375A1AE724}"
EndProject
Global
	GlobalSection(SolutionConfigurationPlatforms) = preSolution
		Debug|Any CPU = Debug|Any CPU
		Release|Any CPU = Release|Any CPU
	EndGlobalSection
	GlobalSection(ProjectConfigurationPlatforms) = postSolution
		{8411E90B-CFE2-4FF3-A09D-D71BF031207B}.Debug|Any CPU.ActiveCfg = Debug|Any CPU
		{8411E90B-CFE2-4FF3-A09D-D71BF031207B}.Debug|Any CPU.Build.0 = Debug|Any CPU
		{8411E90B-CFE2-4FF3-A09D-D71BF031207B}.Release|Any CPU.ActiveCfg = Release|Any CPU
		{8411E90B-CFE2-4FF3-A09D-D71BF031207B}.Release|Any CPU.Build.0 = Release|Any CPU
		{AF03EB80-3BC0-4CA2-988F-3E375A1AE724}.Debug|Any CPU.ActiveCfg = Debug|Any CPU
		{AF03EB80-3BC0-4CA2-988F-3E375A1AE724}.Debug|Any CPU.Build.0 = Debug|Any CPU
		{AF03EB80-3BC0-4CA2-988F-3E375A1AE724}.Release|Any CPU.ActiveCfg = Release|Any CPU
		{AF03EB80-3BC0-4CA2-988F-3E375A1AE724}.Release|Any CPU.Build.0 = Release|Any CPU
	EndGlobalSection
	GlobalSection(SolutionProperties) = preSolution
		HideSolutionNode = FALSE
	EndGlobalSection
	GlobalSection(ExtensibilityGlobals) = postSolution
		SolutionGuid = {097B8167-C5EA-47BF-8BA7-A9C43F4CADCF}
	EndGlobalSection
EndGlobal
